
Microsoft Visual Studio Solution File, Format Version 12.00
# Visual Studio Version 16
VisualStudioVersion = 16.0.31829.152
MinimumVisualStudioVersion = 10.0.40219.1
Project("{FAE04EC0-301F-11D3-BF4B-00C04F79EFBC}") = "Yubio.Server", "Yubio.Server\Yubio.Server.csproj", "{CF68983A-F821-4EB1-98DD-45A189DBFCD1}"
EndProject
Project("{FAE04EC0-301F-11D3-BF4B-00C04F79EFBC}") = "LinkParser", "LinkParser\LinkParser.csproj", "{44126A2F-6BD8-4F48-9659-6083D9A04D45}"
EndProject
Global
	GlobalSection(SolutionConfigurationPlatforms) = preSolution
		Debug|Any CPU = Debug|Any CPU
		Release|Any CPU = Release|Any CPU
	EndGlobalSection
	GlobalSection(ProjectConfigurationPlatforms) = postSolution
		{CF68983A-F821-4EB1-98DD-45A189DBFCD1}.Debug|Any CPU.ActiveCfg = Debug|Any CPU
		{CF68983A-F821-4EB1-98DD-45A189DBFCD1}.Debug|Any CPU.Build.0 = Debug|Any CPU
		{CF68983A-F821-4EB1-98DD-45A189DBFCD1}.Release|Any CPU.ActiveCfg = Release|Any CPU
		{CF68983A-F821-4EB1-98DD-45A189DBFCD1}.Release|Any CPU.Build.0 = Release|Any CPU
		{44126A2F-6BD8-4F48-9659-6083D9A04D45}.Debug|Any CPU.ActiveCfg = Debug|Any CPU
		{44126A2F-6BD8-4F48-9659-6083D9A04D45}.Debug|Any CPU.Build.0 = Debug|Any CPU
		{44126A2F-6BD8-4F48-9659-6083D9A04D45}.Release|Any CPU.ActiveCfg = Release|Any CPU
		{44126A2F-6BD8-4F48-9659-6083D9A04D45}.Release|Any CPU.Build.0 = Release|Any CPU
	EndGlobalSection
	GlobalSection(SolutionProperties) = preSolution
		HideSolutionNode = FALSE
	EndGlobalSection
	GlobalSection(ExtensibilityGlobals) = postSolution
		SolutionGuid = {99CC797C-4862-49C6-A006-ED16C234223D}
	EndGlobalSection
EndGlobal
